// !$*UTF8*$!
{
	archiveVersion = 1;
	classes = {
	};
	objectVersion = 46;
	objects = {

/* Begin PBXBuildFile section */
		B60BA8EA16306DC00076BA29 /* UIKit.framework in Frameworks */ = {isa = PBXBuildFile; fileRef = B60BA8E916306DC00076BA29 /* UIKit.framework */; };
		B60BA8EC16306DC00076BA29 /* Foundation.framework in Frameworks */ = {isa = PBXBuildFile; fileRef = B60BA8EB16306DC00076BA29 /* Foundation.framework */; };
		B60BA8EE16306DC00076BA29 /* CoreGraphics.framework in Frameworks */ = {isa = PBXBuildFile; fileRef = B60BA8ED16306DC00076BA29 /* CoreGraphics.framework */; };
		B60BA8F416306DC00076BA29 /* InfoPlist.strings in Resources */ = {isa = PBXBuildFile; fileRef = B60BA8F216306DC00076BA29 /* InfoPlist.strings */; };
		B60BA8F616306DC00076BA29 /* main.m in Sources */ = {isa = PBXBuildFile; fileRef = B60BA8F516306DC00076BA29 /* main.m */; };
		B60BA8FA16306DC00076BA29 /* AppDelegate.m in Sources */ = {isa = PBXBuildFile; fileRef = B60BA8F916306DC00076BA29 /* AppDelegate.m */; };
		B60BA8FC16306DC00076BA29 /* Default.png in Resources */ = {isa = PBXBuildFile; fileRef = B60BA8FB16306DC00076BA29 /* Default.png */; };
		B60BA8FE16306DC00076BA29 /* Default@2x.png in Resources */ = {isa = PBXBuildFile; fileRef = B60BA8FD16306DC00076BA29 /* Default@2x.png */; };
		B60BA90016306DC00076BA29 /* Default-568h@2x.png in Resources */ = {isa = PBXBuildFile; fileRef = B60BA8FF16306DC00076BA29 /* Default-568h@2x.png */; };
		B60BA90316306DC00076BA29 /* ViewController.m in Sources */ = {isa = PBXBuildFile; fileRef = B60BA90216306DC00076BA29 /* ViewController.m */; };
		B60BA90616306DC00076BA29 /* ViewController.xib in Resources */ = {isa = PBXBuildFile; fileRef = B60BA90416306DC00076BA29 /* ViewController.xib */; };
		B60BA912163072520076BA29 /* BDSlidingPanelsController.m in Sources */ = {isa = PBXBuildFile; fileRef = B60BA911163072520076BA29 /* BDSlidingPanelsController.m */; };
		B60BA917163076F00076BA29 /* FirstViewController.m in Sources */ = {isa = PBXBuildFile; fileRef = B60BA915163076F00076BA29 /* FirstViewController.m */; };
		B60BA918163076F00076BA29 /* FirstViewController.xib in Resources */ = {isa = PBXBuildFile; fileRef = B60BA916163076F00076BA29 /* FirstViewController.xib */; };
		B60BA91A1630799B0076BA29 /* QuartzCore.framework in Frameworks */ = {isa = PBXBuildFile; fileRef = B60BA9191630799B0076BA29 /* QuartzCore.framework */; };
		B6A3A588163734DF00C3EDA7 /* left-arrow-inv.png in Resources */ = {isa = PBXBuildFile; fileRef = B6A3A587163734DF00C3EDA7 /* left-arrow-inv.png */; };
		B6A3A58F1639FDCA00C3EDA7 /* CloseX.png in Resources */ = {isa = PBXBuildFile; fileRef = B6A3A58E1639FDCA00C3EDA7 /* CloseX.png */; };
		B6A3A593163A096E00C3EDA7 /* linen_texture.png in Resources */ = {isa = PBXBuildFile; fileRef = B6A3A592163A096E00C3EDA7 /* linen_texture.png */; };
		B6A3A596163AF62100C3EDA7 /* UIColor+BD.m in Sources */ = {isa = PBXBuildFile; fileRef = B6A3A595163AF62100C3EDA7 /* UIColor+BD.m */; };
/* End PBXBuildFile section */

/* Begin PBXFileReference section */
		B60BA8E516306DC00076BA29 /* Sliding-Panels-Test.app */ = {isa = PBXFileReference; explicitFileType = wrapper.application; includeInIndex = 0; path = "Sliding-Panels-Test.app"; sourceTree = BUILT_PRODUCTS_DIR; };
		B60BA8E916306DC00076BA29 /* UIKit.framework */ = {isa = PBXFileReference; lastKnownFileType = wrapper.framework; name = UIKit.framework; path = System/Library/Frameworks/UIKit.framework; sourceTree = SDKROOT; };
		B60BA8EB16306DC00076BA29 /* Foundation.framework */ = {isa = PBXFileReference; lastKnownFileType = wrapper.framework; name = Foundation.framework; path = System/Library/Frameworks/Foundation.framework; sourceTree = SDKROOT; };
		B60BA8ED16306DC00076BA29 /* CoreGraphics.framework */ = {isa = PBXFileReference; lastKnownFileType = wrapper.framework; name = CoreGraphics.framework; path = System/Library/Frameworks/CoreGraphics.framework; sourceTree = SDKROOT; };
		B60BA8F116306DC00076BA29 /* Sliding-Panels-Test-Info.plist */ = {isa = PBXFileReference; lastKnownFileType = text.plist.xml; path = "Sliding-Panels-Test-Info.plist"; sourceTree = "<group>"; };
		B60BA8F316306DC00076BA29 /* en */ = {isa = PBXFileReference; lastKnownFileType = text.plist.strings; name = en; path = en.lproj/InfoPlist.strings; sourceTree = "<group>"; };
		B60BA8F516306DC00076BA29 /* main.m */ = {isa = PBXFileReference; lastKnownFileType = sourcecode.c.objc; path = main.m; sourceTree = "<group>"; };
		B60BA8F716306DC00076BA29 /* Sliding-Panels-Test-Prefix.pch */ = {isa = PBXFileReference; lastKnownFileType = sourcecode.c.h; path = "Sliding-Panels-Test-Prefix.pch"; sourceTree = "<group>"; };
		B60BA8F816306DC00076BA29 /* AppDelegate.h */ = {isa = PBXFileReference; lastKnownFileType = sourcecode.c.h; path = AppDelegate.h; sourceTree = "<group>"; };
		B60BA8F916306DC00076BA29 /* AppDelegate.m */ = {isa = PBXFileReference; lastKnownFileType = sourcecode.c.objc; path = AppDelegate.m; sourceTree = "<group>"; };
		B60BA8FB16306DC00076BA29 /* Default.png */ = {isa = PBXFileReference; lastKnownFileType = image.png; path = Default.png; sourceTree = "<group>"; };
		B60BA8FD16306DC00076BA29 /* Default@2x.png */ = {isa = PBXFileReference; lastKnownFileType = image.png; path = "Default@2x.png"; sourceTree = "<group>"; };
		B60BA8FF16306DC00076BA29 /* Default-568h@2x.png */ = {isa = PBXFileReference; lastKnownFileType = image.png; path = "Default-568h@2x.png"; sourceTree = "<group>"; };
		B60BA90116306DC00076BA29 /* ViewController.h */ = {isa = PBXFileReference; lastKnownFileType = sourcecode.c.h; path = ViewController.h; sourceTree = "<group>"; };
		B60BA90216306DC00076BA29 /* ViewController.m */ = {isa = PBXFileReference; lastKnownFileType = sourcecode.c.objc; path = ViewController.m; sourceTree = "<group>"; };
		B60BA90516306DC00076BA29 /* en */ = {isa = PBXFileReference; lastKnownFileType = file.xib; name = en; path = en.lproj/ViewController.xib; sourceTree = "<group>"; };
		B60BA910163072520076BA29 /* BDSlidingPanelsController.h */ = {isa = PBXFileReference; fileEncoding = 4; lastKnownFileType = sourcecode.c.h; path = BDSlidingPanelsController.h; sourceTree = "<group>"; };
		B60BA911163072520076BA29 /* BDSlidingPanelsController.m */ = {isa = PBXFileReference; fileEncoding = 4; lastKnownFileType = sourcecode.c.objc; path = BDSlidingPanelsController.m; sourceTree = "<group>"; };
		B60BA914163076F00076BA29 /* FirstViewController.h */ = {isa = PBXFileReference; fileEncoding = 4; lastKnownFileType = sourcecode.c.h; path = FirstViewController.h; sourceTree = "<group>"; };
		B60BA915163076F00076BA29 /* FirstViewController.m */ = {isa = PBXFileReference; fileEncoding = 4; lastKnownFileType = sourcecode.c.objc; path = FirstViewController.m; sourceTree = "<group>"; };
		B60BA916163076F00076BA29 /* FirstViewController.xib */ = {isa = PBXFileReference; fileEncoding = 4; lastKnownFileType = file.xib; path = FirstViewController.xib; sourceTree = "<group>"; };
		B60BA9191630799B0076BA29 /* QuartzCore.framework */ = {isa = PBXFileReference; lastKnownFileType = wrapper.framework; name = QuartzCore.framework; path = System/Library/Frameworks/QuartzCore.framework; sourceTree = SDKROOT; };
		B6A3A587163734DF00C3EDA7 /* left-arrow-inv.png */ = {isa = PBXFileReference; lastKnownFileType = image.png; path = "left-arrow-inv.png"; sourceTree = "<group>"; };
		B6A3A58E1639FDCA00C3EDA7 /* CloseX.png */ = {isa = PBXFileReference; lastKnownFileType = image.png; name = CloseX.png; path = ../CloseX.png; sourceTree = "<group>"; };
		B6A3A592163A096E00C3EDA7 /* linen_texture.png */ = {isa = PBXFileReference; lastKnownFileType = image.png; path = linen_texture.png; sourceTree = "<group>"; };
		B6A3A594163AF62100C3EDA7 /* UIColor+BD.h */ = {isa = PBXFileReference; fileEncoding = 4; lastKnownFileType = sourcecode.c.h; path = "UIColor+BD.h"; sourceTree = "<group>"; };
		B6A3A595163AF62100C3EDA7 /* UIColor+BD.m */ = {isa = PBXFileReference; fileEncoding = 4; lastKnownFileType = sourcecode.c.objc; path = "UIColor+BD.m"; sourceTree = "<group>"; };
/* End PBXFileReference section */

/* Begin PBXFrameworksBuildPhase section */
		B60BA8E216306DC00076BA29 /* Frameworks */ = {
			isa = PBXFrameworksBuildPhase;
			buildActionMask = 2147483647;
			files = (
				B60BA91A1630799B0076BA29 /* QuartzCore.framework in Frameworks */,
				B60BA8EA16306DC00076BA29 /* UIKit.framework in Frameworks */,
				B60BA8EC16306DC00076BA29 /* Foundation.framework in Frameworks */,
				B60BA8EE16306DC00076BA29 /* CoreGraphics.framework in Frameworks */,
			);
			runOnlyForDeploymentPostprocessing = 0;
		};
/* End PBXFrameworksBuildPhase section */

/* Begin PBXGroup section */
		B60BA8DA16306DC00076BA29 = {
			isa = PBXGroup;
			children = (
				B60BA8EF16306DC00076BA29 /* Sliding-Panels-Test */,
				B60BA8E816306DC00076BA29 /* Frameworks */,
				B60BA8E616306DC00076BA29 /* Products */,
			);
			sourceTree = "<group>";
		};
		B60BA8E616306DC00076BA29 /* Products */ = {
			isa = PBXGroup;
			children = (
				B60BA8E516306DC00076BA29 /* Sliding-Panels-Test.app */,
			);
			name = Products;
			sourceTree = "<group>";
		};
		B60BA8E816306DC00076BA29 /* Frameworks */ = {
			isa = PBXGroup;
			children = (
				B60BA9191630799B0076BA29 /* QuartzCore.framework */,
				B60BA8E916306DC00076BA29 /* UIKit.framework */,
				B60BA8EB16306DC00076BA29 /* Foundation.framework */,
				B60BA8ED16306DC00076BA29 /* CoreGraphics.framework */,
			);
			name = Frameworks;
			sourceTree = "<group>";
		};
		B60BA8EF16306DC00076BA29 /* Sliding-Panels-Test */ = {
			isa = PBXGroup;
			children = (
				B60BA8F816306DC00076BA29 /* AppDelegate.h */,
				B60BA8F916306DC00076BA29 /* AppDelegate.m */,
				B60BA90116306DC00076BA29 /* ViewController.h */,
				B60BA90216306DC00076BA29 /* ViewController.m */,
				B60BA914163076F00076BA29 /* FirstViewController.h */,
				B60BA915163076F00076BA29 /* FirstViewController.m */,
				B60BA916163076F00076BA29 /* FirstViewController.xib */,
				B60BA910163072520076BA29 /* BDSlidingPanelsController.h */,
				B60BA911163072520076BA29 /* BDSlidingPanelsController.m */,
				B60BA90416306DC00076BA29 /* ViewController.xib */,
				B60BA8F016306DC00076BA29 /* Supporting Files */,
			);
			path = "Sliding-Panels-Test";
			sourceTree = "<group>";
		};
		B60BA8F016306DC00076BA29 /* Supporting Files */ = {
			isa = PBXGroup;
			children = (
				B60BA8F116306DC00076BA29 /* Sliding-Panels-Test-Info.plist */,
				B60BA8F216306DC00076BA29 /* InfoPlist.strings */,
				B60BA8F516306DC00076BA29 /* main.m */,
				B60BA8F716306DC00076BA29 /* Sliding-Panels-Test-Prefix.pch */,
				B60BA8FB16306DC00076BA29 /* Default.png */,
				B6A3A58E1639FDCA00C3EDA7 /* CloseX.png */,
				B60BA8FD16306DC00076BA29 /* Default@2x.png */,
				B60BA8FF16306DC00076BA29 /* Default-568h@2x.png */,
				B6A3A587163734DF00C3EDA7 /* left-arrow-inv.png */,
				B6A3A592163A096E00C3EDA7 /* linen_texture.png */,
				B6A3A594163AF62100C3EDA7 /* UIColor+BD.h */,
				B6A3A595163AF62100C3EDA7 /* UIColor+BD.m */,
			);
			name = "Supporting Files";
			sourceTree = "<group>";
		};
/* End PBXGroup section */

/* Begin PBXNativeTarget section */
		B60BA8E416306DC00076BA29 /* Sliding-Panels-Test */ = {
			isa = PBXNativeTarget;
			buildConfigurationList = B60BA90916306DC00076BA29 /* Build configuration list for PBXNativeTarget "Sliding-Panels-Test" */;
			buildPhases = (
				B60BA8E116306DC00076BA29 /* Sources */,
				B60BA8E216306DC00076BA29 /* Frameworks */,
				B60BA8E316306DC00076BA29 /* Resources */,
			);
			buildRules = (
			);
			dependencies = (
			);
			name = "Sliding-Panels-Test";
			productName = "Sliding-Panels-Test";
			productReference = B60BA8E516306DC00076BA29 /* Sliding-Panels-Test.app */;
			productType = "com.apple.product-type.application";
		};
/* End PBXNativeTarget section */

/* Begin PBXProject section */
		B60BA8DC16306DC00076BA29 /* Project object */ = {
			isa = PBXProject;
			attributes = {
				LastUpgradeCheck = 0450;
				ORGANIZATIONNAME = "David Sklenar";
			};
			buildConfigurationList = B60BA8DF16306DC00076BA29 /* Build configuration list for PBXProject "Sliding-Panels-Test" */;
			compatibilityVersion = "Xcode 3.2";
			developmentRegion = English;
			hasScannedForEncodings = 0;
			knownRegions = (
				en,
			);
			mainGroup = B60BA8DA16306DC00076BA29;
			productRefGroup = B60BA8E616306DC00076BA29 /* Products */;
			projectDirPath = "";
			projectRoot = "";
			targets = (
				B60BA8E416306DC00076BA29 /* Sliding-Panels-Test */,
			);
		};
/* End PBXProject section */

/* Begin PBXResourcesBuildPhase section */
		B60BA8E316306DC00076BA29 /* Resources */ = {
			isa = PBXResourcesBuildPhase;
			buildActionMask = 2147483647;
			files = (
				B60BA8F416306DC00076BA29 /* InfoPlist.strings in Resources */,
				B60BA8FC16306DC00076BA29 /* Default.png in Resources */,
				B60BA8FE16306DC00076BA29 /* Default@2x.png in Resources */,
				B60BA90016306DC00076BA29 /* Default-568h@2x.png in Resources */,
				B60BA90616306DC00076BA29 /* ViewController.xib in Resources */,
				B60BA918163076F00076BA29 /* FirstViewController.xib in Resources */,
				B6A3A588163734DF00C3EDA7 /* left-arrow-inv.png in Resources */,
				B6A3A58F1639FDCA00C3EDA7 /* CloseX.png in Resources */,
				B6A3A593163A096E00C3EDA7 /* linen_texture.png in Resources */,
			);
			runOnlyForDeploymentPostprocessing = 0;
		};
/* End PBXResourcesBuildPhase section */

/* Begin PBXSourcesBuildPhase section */
		B60BA8E116306DC00076BA29 /* Sources */ = {
			isa = PBXSourcesBuildPhase;
			buildActionMask = 2147483647;
			files = (
				B60BA8F616306DC00076BA29 /* main.m in Sources */,
				B60BA8FA16306DC00076BA29 /* AppDelegate.m in Sources */,
				B60BA90316306DC00076BA29 /* ViewController.m in Sources */,
				B60BA912163072520076BA29 /* BDSlidingPanelsController.m in Sources */,
				B60BA917163076F00076BA29 /* FirstViewController.m in Sources */,
				B6A3A596163AF62100C3EDA7 /* UIColor+BD.m in Sources */,
			);
			runOnlyForDeploymentPostprocessing = 0;
		};
/* End PBXSourcesBuildPhase section */

/* Begin PBXVariantGroup section */
		B60BA8F216306DC00076BA29 /* InfoPlist.strings */ = {
			isa = PBXVariantGroup;
			children = (
				B60BA8F316306DC00076BA29 /* en */,
			);
			name = InfoPlist.strings;
			sourceTree = "<group>";
		};
		B60BA90416306DC00076BA29 /* ViewController.xib */ = {
			isa = PBXVariantGroup;
			children = (
				B60BA90516306DC00076BA29 /* en */,
			);
			name = ViewController.xib;
			sourceTree = "<group>";
		};
/* End PBXVariantGroup section */

/* Begin XCBuildConfiguration section */
		B60BA90716306DC00076BA29 /* Debug */ = {
			isa = XCBuildConfiguration;
			buildSettings = {
				ALWAYS_SEARCH_USER_PATHS = NO;
				CLANG_CXX_LANGUAGE_STANDARD = "gnu++0x";
				CLANG_CXX_LIBRARY = "libc++";
				CLANG_ENABLE_OBJC_ARC = YES;
				CLANG_WARN_EMPTY_BODY = YES;
				CLANG_WARN__DUPLICATE_METHOD_MATCH = YES;
				"CODE_SIGN_IDENTITY[sdk=iphoneos*]" = "iPhone Developer";
				COPY_PHASE_STRIP = NO;
				GCC_C_LANGUAGE_STANDARD = gnu99;
				GCC_DYNAMIC_NO_PIC = NO;
				GCC_OPTIMIZATION_LEVEL = 0;
				GCC_PREPROCESSOR_DEFINITIONS = (
					"DEBUG=1",
					"$(inherited)",
				);
				GCC_SYMBOLS_PRIVATE_EXTERN = NO;
				GCC_WARN_ABOUT_RETURN_TYPE = YES;
				GCC_WARN_UNINITIALIZED_AUTOS = YES;
				GCC_WARN_UNUSED_VARIABLE = YES;
				IPHONEOS_DEPLOYMENT_TARGET = 6.0;
				SDKROOT = iphoneos;
				TARGETED_DEVICE_FAMILY = 2;
			};
			name = Debug;
		};
		B60BA90816306DC00076BA29 /* Release */ = {
			isa = XCBuildConfiguration;
			buildSettings = {
				ALWAYS_SEARCH_USER_PATHS = NO;
				CLANG_CXX_LANGUAGE_STANDARD = "gnu++0x";
				CLANG_CXX_LIBRARY = "libc++";
				CLANG_ENABLE_OBJC_ARC = YES;
				CLANG_WARN_EMPTY_BODY = YES;
				CLANG_WARN__DUPLICATE_METHOD_MATCH = YES;
				"CODE_SIGN_IDENTITY[sdk=iphoneos*]" = "iPhone Developer";
				COPY_PHASE_STRIP = YES;
				GCC_C_LANGUAGE_STANDARD = gnu99;
				GCC_WARN_ABOUT_RETURN_TYPE = YES;
				GCC_WARN_UNINITIALIZED_AUTOS = YES;
				GCC_WARN_UNUSED_VARIABLE = YES;
				IPHONEOS_DEPLOYMENT_TARGET = 6.0;
				OTHER_CFLAGS = "-DNS_BLOCK_ASSERTIONS=1";
				SDKROOT = iphoneos;
				TARGETED_DEVICE_FAMILY = 2;
				VALIDATE_PRODUCT = YES;
			};
			name = Release;
		};
		B60BA90A16306DC00076BA29 /* Debug */ = {
			isa = XCBuildConfiguration;
			buildSettings = {
				GCC_PRECOMPILE_PREFIX_HEADER = YES;
				GCC_PREFIX_HEADER = "Sliding-Panels-Test/Sliding-Panels-Test-Prefix.pch";
				INFOPLIST_FILE = "Sliding-Panels-Test/Sliding-Panels-Test-Info.plist";
				PRODUCT_NAME = "$(TARGET_NAME)";
				WRAPPER_EXTENSION = app;
			};
			name = Debug;
		};
		B60BA90B16306DC00076BA29 /* Release */ = {
			isa = XCBuildConfiguration;
			buildSettings = {
				GCC_PRECOMPILE_PREFIX_HEADER = YES;
				GCC_PREFIX_HEADER = "Sliding-Panels-Test/Sliding-Panels-Test-Prefix.pch";
				INFOPLIST_FILE = "Sliding-Panels-Test/Sliding-Panels-Test-Info.plist";
				PRODUCT_NAME = "$(TARGET_NAME)";
				WRAPPER_EXTENSION = app;
			};
			name = Release;
		};
/* End XCBuildConfiguration section */

/* Begin XCConfigurationList section */
		B60BA8DF16306DC00076BA29 /* Build configuration list for PBXProject "Sliding-Panels-Test" */ = {
			isa = XCConfigurationList;
			buildConfigurations = (
				B60BA90716306DC00076BA29 /* Debug */,
				B60BA90816306DC00076BA29 /* Release */,
			);
			defaultConfigurationIsVisible = 0;
			defaultConfigurationName = Release;
		};
		B60BA90916306DC00076BA29 /* Build configuration list for PBXNativeTarget "Sliding-Panels-Test" */ = {
			isa = XCConfigurationList;
			buildConfigurations = (
				B60BA90A16306DC00076BA29 /* Debug */,
				B60BA90B16306DC00076BA29 /* Release */,
			);
			defaultConfigurationIsVisible = 0;
			defaultConfigurationName = Release;
		};
/* End XCConfigurationList section */
	};
	rootObject = B60BA8DC16306DC00076BA29 /* Project object */;
}
